
Microsoft Visual Studio Solution File, Format Version 12.00
# Visual Studio Version 17
VisualStudioVersion = 17.13.35931.197 d17.13
MinimumVisualStudioVersion = 10.0.40219.1
Project("{FAE04EC0-301F-11D3-BF4B-00C04F79EFBC}") = "lista2ex3", "lista2ex3\lista2ex3.csproj", "{FC579C19-669A-4716-9CA8-779B67EBB0BB}"
EndProject
Global
	GlobalSection(SolutionConfigurationPlatforms) = preSolution
		Debug|Any CPU = Debug|Any CPU
		Release|Any CPU = Release|Any CPU
	EndGlobalSection
	GlobalSection(ProjectConfigurationPlatforms) = postSolution
		{FC579C19-669A-4716-9CA8-779B67EBB0BB}.Debug|Any CPU.ActiveCfg = Debug|Any CPU
		{FC579C19-669A-4716-9CA8-779B67EBB0BB}.Debug|Any CPU.Build.0 = Debug|Any CPU
		{FC579C19-669A-4716-9CA8-779B67EBB0BB}.Release|Any CPU.ActiveCfg = Release|Any CPU
		{FC579C19-669A-4716-9CA8-779B67EBB0BB}.Release|Any CPU.Build.0 = Release|Any CPU
	EndGlobalSection
	GlobalSection(SolutionProperties) = preSolution
		HideSolutionNode = FALSE
	EndGlobalSection
	GlobalSection(ExtensibilityGlobals) = postSolution
		SolutionGuid = {D3B4C2E3-93EA-48DB-A625-0C034FDA2005}
	EndGlobalSection
EndGlobal
