
Microsoft Visual Studio Solution File, Format Version 12.00
# Visual Studio Version 17
VisualStudioVersion = 17.13.35931.197 d17.13
MinimumVisualStudioVersion = 10.0.40219.1
Project("{FAE04EC0-301F-11D3-BF4B-00C04F79EFBC}") = "lista2ex2", "lista2ex2\lista2ex2.csproj", "{DC30CB0E-FD53-4582-B642-C08350539476}"
EndProject
Global
	GlobalSection(SolutionConfigurationPlatforms) = preSolution
		Debug|Any CPU = Debug|Any CPU
		Release|Any CPU = Release|Any CPU
	EndGlobalSection
	GlobalSection(ProjectConfigurationPlatforms) = postSolution
		{DC30CB0E-FD53-4582-B642-C08350539476}.Debug|Any CPU.ActiveCfg = Debug|Any CPU
		{DC30CB0E-FD53-4582-B642-C08350539476}.Debug|Any CPU.Build.0 = Debug|Any CPU
		{DC30CB0E-FD53-4582-B642-C08350539476}.Release|Any CPU.ActiveCfg = Release|Any CPU
		{DC30CB0E-FD53-4582-B642-C08350539476}.Release|Any CPU.Build.0 = Release|Any CPU
	EndGlobalSection
	GlobalSection(SolutionProperties) = preSolution
		HideSolutionNode = FALSE
	EndGlobalSection
	GlobalSection(ExtensibilityGlobals) = postSolution
		SolutionGuid = {7F92D25A-DE39-4223-8B04-F23640A78534}
	EndGlobalSection
EndGlobal
